
Microsoft Visual Studio Solution File, Format Version 12.00
# Visual Studio Version 17
VisualStudioVersion = 17.6.33829.357
MinimumVisualStudioVersion = 10.0.40219.1
Project("{FAE04EC0-301F-11D3-BF4B-00C04F79EFBC}") = "Casgem_Api_Consume", "Casgem_Api_Consume\Casgem_Api_Consume.csproj", "{FF2F2AA6-5E4A-42D2-B5EC-90C85E0BD85B}"
EndProject
Global
	GlobalSection(SolutionConfigurationPlatforms) = preSolution
		Debug|Any CPU = Debug|Any CPU
		Release|Any CPU = Release|Any CPU
	EndGlobalSection
	GlobalSection(ProjectConfigurationPlatforms) = postSolution
		{FF2F2AA6-5E4A-42D2-B5EC-90C85E0BD85B}.Debug|Any CPU.ActiveCfg = Debug|Any CPU
		{FF2F2AA6-5E4A-42D2-B5EC-90C85E0BD85B}.Debug|Any CPU.Build.0 = Debug|Any CPU
		{FF2F2AA6-5E4A-42D2-B5EC-90C85E0BD85B}.Release|Any CPU.ActiveCfg = Release|Any CPU
		{FF2F2AA6-5E4A-42D2-B5EC-90C85E0BD85B}.Release|Any CPU.Build.0 = Release|Any CPU
	EndGlobalSection
	GlobalSection(SolutionProperties) = preSolution
		HideSolutionNode = FALSE
	EndGlobalSection
	GlobalSection(ExtensibilityGlobals) = postSolution
		SolutionGuid = {3B95FAEF-85BC-494A-B027-51B7C8B08D18}
	EndGlobalSection
EndGlobal
